// !$*UTF8*$!
{
	archiveVersion = 1;
	classes = {
	};
	objectVersion = 50;
	objects = {

/* Begin PBXBuildFile section */
		C2920AA725078BD900E59E3B /* AppDelegate.m in Sources */ = {isa = PBXBuildFile; fileRef = C2920AA625078BD900E59E3B /* AppDelegate.m */; };
		C2920AAA25078BD900E59E3B /* SceneDelegate.m in Sources */ = {isa = PBXBuildFile; fileRef = C2920AA925078BD900E59E3B /* SceneDelegate.m */; };
		C2920AAD25078BD900E59E3B /* ViewController.m in Sources */ = {isa = PBXBuildFile; fileRef = C2920AAC25078BD900E59E3B /* ViewController.m */; };
		C2920AB025078BD900E59E3B /* Main.storyboard in Resources */ = {isa = PBXBuildFile; fileRef = C2920AAE25078BD900E59E3B /* Main.storyboard */; };
		C2920AB225078BDD00E59E3B /* Assets.xcassets in Resources */ = {isa = PBXBuildFile; fileRef = C2920AB125078BDD00E59E3B /* Assets.xcassets */; };
		C2920AB525078BDD00E59E3B /* LaunchScreen.storyboard in Resources */ = {isa = PBXBuildFile; fileRef = C2920AB325078BDD00E59E3B /* LaunchScreen.storyboard */; };
		C2920AB825078BDD00E59E3B /* main.m in Sources */ = {isa = PBXBuildFile; fileRef = C2920AB725078BDD00E59E3B /* main.m */; };
		C2920AC225078BDE00E59E3B /* BackgroundShakeTestTests.m in Sources */ = {isa = PBXBuildFile; fileRef = C2920AC125078BDE00E59E3B /* BackgroundShakeTestTests.m */; };
		C2920ACD25078BDE00E59E3B /* BackgroundShakeTestUITests.m in Sources */ = {isa = PBXBuildFile; fileRef = C2920ACC25078BDE00E59E3B /* BackgroundShakeTestUITests.m */; };
		C2920ADD25078C6400E59E3B /* MYAccelerometerTool.m in Sources */ = {isa = PBXBuildFile; fileRef = C2920ADC25078C6400E59E3B /* MYAccelerometerTool.m */; };
/* End PBXBuildFile section */

/* Begin PBXContainerItemProxy section */
		C2920ABE25078BDE00E59E3B /* PBXContainerItemProxy */ = {
			isa = PBXContainerItemProxy;
			containerPortal = C2920A9A25078BD900E59E3B /* Project object */;
			proxyType = 1;
			remoteGlobalIDString = C2920AA125078BD900E59E3B;
			remoteInfo = BackgroundShakeTest;
		};
		C2920AC925078BDE00E59E3B /* PBXContainerItemProxy */ = {
			isa = PBXContainerItemProxy;
			containerPortal = C2920A9A25078BD900E59E3B /* Project object */;
			proxyType = 1;
			remoteGlobalIDString = C2920AA125078BD900E59E3B;
			remoteInfo = BackgroundShakeTest;
		};
/* End PBXContainerItemProxy section */

/* Begin PBXFileReference section */
		C2920AA225078BD900E59E3B /* BackgroundShakeTest.app */ = {isa = PBXFileReference; explicitFileType = wrapper.application; includeInIndex = 0; path = BackgroundShakeTest.app; sourceTree = BUILT_PRODUCTS_DIR; };
		C2920AA525078BD900E59E3B /* AppDelegate.h */ = {isa = PBXFileReference; lastKnownFileType = sourcecode.c.h; path = AppDelegate.h; sourceTree = "<group>"; };
		C2920AA625078BD900E59E3B /* AppDelegate.m */ = {isa = PBXFileReference; lastKnownFileType = sourcecode.c.objc; path = AppDelegate.m; sourceTree = "<group>"; };
		C2920AA825078BD900E59E3B /* SceneDelegate.h */ = {isa = PBXFileReference; lastKnownFileType = sourcecode.c.h; path = SceneDelegate.h; sourceTree = "<group>"; };
		C2920AA925078BD900E59E3B /* SceneDelegate.m */ = {isa = PBXFileReference; lastKnownFileType = sourcecode.c.objc; path = SceneDelegate.m; sourceTree = "<group>"; };
		C2920AAB25078BD900E59E3B /* ViewController.h */ = {isa = PBXFileReference; lastKnownFileType = sourcecode.c.h; path = ViewController.h; sourceTree = "<group>"; };
		C2920AAC25078BD900E59E3B /* ViewController.m */ = {isa = PBXFileReference; lastKnownFileType = sourcecode.c.objc; path = ViewController.m; sourceTree = "<group>"; };
		C2920AAF25078BD900E59E3B /* Base */ = {isa = PBXFileReference; lastKnownFileType = file.storyboard; name = Base; path = Base.lproj/Main.storyboard; sourceTree = "<group>"; };
		C2920AB125078BDD00E59E3B /* Assets.xcassets */ = {isa = PBXFileReference; lastKnownFileType = folder.assetcatalog; path = Assets.xcassets; sourceTree = "<group>"; };
		C2920AB425078BDD00E59E3B /* Base */ = {isa = PBXFileReference; lastKnownFileType = file.storyboard; name = Base; path = Base.lproj/LaunchScreen.storyboard; sourceTree = "<group>"; };
		C2920AB625078BDD00E59E3B /* Info.plist */ = {isa = PBXFileReference; lastKnownFileType = text.plist.xml; path = Info.plist; sourceTree = "<group>"; };
		C2920AB725078BDD00E59E3B /* main.m */ = {isa = PBXFileReference; lastKnownFileType = sourcecode.c.objc; path = main.m; sourceTree = "<group>"; };
		C2920ABD25078BDE00E59E3B /* BackgroundShakeTestTests.xctest */ = {isa = PBXFileReference; explicitFileType = wrapper.cfbundle; includeInIndex = 0; path = BackgroundShakeTestTests.xctest; sourceTree = BUILT_PRODUCTS_DIR; };
		C2920AC125078BDE00E59E3B /* BackgroundShakeTestTests.m */ = {isa = PBXFileReference; lastKnownFileType = sourcecode.c.objc; path = BackgroundShakeTestTests.m; sourceTree = "<group>"; };
		C2920AC325078BDE00E59E3B /* Info.plist */ = {isa = PBXFileReference; lastKnownFileType = text.plist.xml; path = Info.plist; sourceTree = "<group>"; };
		C2920AC825078BDE00E59E3B /* BackgroundShakeTestUITests.xctest */ = {isa = PBXFileReference; explicitFileType = wrapper.cfbundle; includeInIndex = 0; path = BackgroundShakeTestUITests.xctest; sourceTree = BUILT_PRODUCTS_DIR; };
		C2920ACC25078BDE00E59E3B /* BackgroundShakeTestUITests.m */ = {isa = PBXFileReference; lastKnownFileType = sourcecode.c.objc; path = BackgroundShakeTestUITests.m; sourceTree = "<group>"; };
		C2920ACE25078BDE00E59E3B /* Info.plist */ = {isa = PBXFileReference; lastKnownFileType = text.plist.xml; path = Info.plist; sourceTree = "<group>"; };
		C2920ADA25078C0300E59E3B /* HMSingleton.h */ = {isa = PBXFileReference; fileEncoding = 4; lastKnownFileType = sourcecode.c.h; path = HMSingleton.h; sourceTree = SOURCE_ROOT; };
		C2920ADB25078C6400E59E3B /* MYAccelerometerTool.h */ = {isa = PBXFileReference; lastKnownFileType = sourcecode.c.h; path = MYAccelerometerTool.h; sourceTree = "<group>"; };
		C2920ADC25078C6400E59E3B /* MYAccelerometerTool.m */ = {isa = PBXFileReference; lastKnownFileType = sourcecode.c.objc; path = MYAccelerometerTool.m; sourceTree = "<group>"; };
/* End PBXFileReference section */

/* Begin PBXFrameworksBuildPhase section */
		C2920A9F25078BD900E59E3B /* Frameworks */ = {
			isa = PBXFrameworksBuildPhase;
			buildActionMask = 2147483647;
			files = (
			);
			runOnlyForDeploymentPostprocessing = 0;
		};
		C2920ABA25078BDE00E59E3B /* Frameworks */ = {
			isa = PBXFrameworksBuildPhase;
			buildActionMask = 2147483647;
			files = (
			);
			runOnlyForDeploymentPostprocessing = 0;
		};
		C2920AC525078BDE00E59E3B /* Frameworks */ = {
			isa = PBXFrameworksBuildPhase;
			buildActionMask = 2147483647;
			files = (
			);
			runOnlyForDeploymentPostprocessing = 0;
		};
/* End PBXFrameworksBuildPhase section */

/* Begin PBXGroup section */
		C2920A9925078BD900E59E3B = {
			isa = PBXGroup;
			children = (
				C2920AA425078BD900E59E3B /* BackgroundShakeTest */,
				C2920AC025078BDE00E59E3B /* BackgroundShakeTestTests */,
				C2920ACB25078BDE00E59E3B /* BackgroundShakeTestUITests */,
				C2920AA325078BD900E59E3B /* Products */,
			);
			sourceTree = "<group>";
		};
		C2920AA325078BD900E59E3B /* Products */ = {
			isa = PBXGroup;
			children = (
				C2920AA225078BD900E59E3B /* BackgroundShakeTest.app */,
				C2920ABD25078BDE00E59E3B /* BackgroundShakeTestTests.xctest */,
				C2920AC825078BDE00E59E3B /* BackgroundShakeTestUITests.xctest */,
			);
			name = Products;
			sourceTree = "<group>";
		};
		C2920AA425078BD900E59E3B /* BackgroundShakeTest */ = {
			isa = PBXGroup;
			children = (
				C2920ADA25078C0300E59E3B /* HMSingleton.h */,
				C2920AA525078BD900E59E3B /* AppDelegate.h */,
				C2920AA625078BD900E59E3B /* AppDelegate.m */,
				C2920AA825078BD900E59E3B /* SceneDelegate.h */,
				C2920AA925078BD900E59E3B /* SceneDelegate.m */,
				C2920ADB25078C6400E59E3B /* MYAccelerometerTool.h */,
				C2920ADC25078C6400E59E3B /* MYAccelerometerTool.m */,
				C2920AAB25078BD900E59E3B /* ViewController.h */,
				C2920AAC25078BD900E59E3B /* ViewController.m */,
				C2920AAE25078BD900E59E3B /* Main.storyboard */,
				C2920AB125078BDD00E59E3B /* Assets.xcassets */,
				C2920AB325078BDD00E59E3B /* LaunchScreen.storyboard */,
				C2920AB625078BDD00E59E3B /* Info.plist */,
				C2920AB725078BDD00E59E3B /* main.m */,
			);
			path = BackgroundShakeTest;
			sourceTree = "<group>";
		};
		C2920AC025078BDE00E59E3B /* BackgroundShakeTestTests */ = {
			isa = PBXGroup;
			children = (
				C2920AC125078BDE00E59E3B /* BackgroundShakeTestTests.m */,
				C2920AC325078BDE00E59E3B /* Info.plist */,
			);
			path = BackgroundShakeTestTests;
			sourceTree = "<group>";
		};
		C2920ACB25078BDE00E59E3B /* BackgroundShakeTestUITests */ = {
			isa = PBXGroup;
			children = (
				C2920ACC25078BDE00E59E3B /* BackgroundShakeTestUITests.m */,
				C2920ACE25078BDE00E59E3B /* Info.plist */,
			);
			path = BackgroundShakeTestUITests;
			sourceTree = "<group>";
		};
/* End PBXGroup section */

/* Begin PBXNativeTarget section */
		C2920AA125078BD900E59E3B /* BackgroundShakeTest */ = {
			isa = PBXNativeTarget;
			buildConfigurationList = C2920AD125078BDE00E59E3B /* Build configuration list for PBXNativeTarget "BackgroundShakeTest" */;
			buildPhases = (
				C2920A9E25078BD900E59E3B /* Sources */,
				C2920A9F25078BD900E59E3B /* Frameworks */,
				C2920AA025078BD900E59E3B /* Resources */,
			);
			buildRules = (
			);
			dependencies = (
			);
			name = BackgroundShakeTest;
			productName = BackgroundShakeTest;
			productReference = C2920AA225078BD900E59E3B /* BackgroundShakeTest.app */;
			productType = "com.apple.product-type.application";
		};
		C2920ABC25078BDE00E59E3B /* BackgroundShakeTestTests */ = {
			isa = PBXNativeTarget;
			buildConfigurationList = C2920AD425078BDE00E59E3B /* Build configuration list for PBXNativeTarget "BackgroundShakeTestTests" */;
			buildPhases = (
				C2920AB925078BDE00E59E3B /* Sources */,
				C2920ABA25078BDE00E59E3B /* Frameworks */,
				C2920ABB25078BDE00E59E3B /* Resources */,
			);
			buildRules = (
			);
			dependencies = (
				C2920ABF25078BDE00E59E3B /* PBXTargetDependency */,
			);
			name = BackgroundShakeTestTests;
			productName = BackgroundShakeTestTests;
			productReference = C2920ABD25078BDE00E59E3B /* BackgroundShakeTestTests.xctest */;
			productType = "com.apple.product-type.bundle.unit-test";
		};
		C2920AC725078BDE00E59E3B /* BackgroundShakeTestUITests */ = {
			isa = PBXNativeTarget;
			buildConfigurationList = C2920AD725078BDE00E59E3B /* Build configuration list for PBXNativeTarget "BackgroundShakeTestUITests" */;
			buildPhases = (
				C2920AC425078BDE00E59E3B /* Sources */,
				C2920AC525078BDE00E59E3B /* Frameworks */,
				C2920AC625078BDE00E59E3B /* Resources */,
			);
			buildRules = (
			);
			dependencies = (
				C2920ACA25078BDE00E59E3B /* PBXTargetDependency */,
			);
			name = BackgroundShakeTestUITests;
			productName = BackgroundShakeTestUITests;
			productReference = C2920AC825078BDE00E59E3B /* BackgroundShakeTestUITests.xctest */;
			productType = "com.apple.product-type.bundle.ui-testing";
		};
/* End PBXNativeTarget section */

/* Begin PBXProject section */
		C2920A9A25078BD900E59E3B /* Project object */ = {
			isa = PBXProject;
			attributes = {
				LastUpgradeCheck = 1110;
				ORGANIZATIONNAME = my;
				TargetAttributes = {
					C2920AA125078BD900E59E3B = {
						CreatedOnToolsVersion = 11.1;
					};
					C2920ABC25078BDE00E59E3B = {
						CreatedOnToolsVersion = 11.1;
						TestTargetID = C2920AA125078BD900E59E3B;
					};
					C2920AC725078BDE00E59E3B = {
						CreatedOnToolsVersion = 11.1;
						TestTargetID = C2920AA125078BD900E59E3B;
					};
				};
			};
			buildConfigurationList = C2920A9D25078BD900E59E3B /* Build configuration list for PBXProject "BackgroundShakeTest" */;
			compatibilityVersion = "Xcode 9.3";
			developmentRegion = en;
			hasScannedForEncodings = 0;
			knownRegions = (
				en,
				Base,
			);
			mainGroup = C2920A9925078BD900E59E3B;
			productRefGroup = C2920AA325078BD900E59E3B /* Products */;
			projectDirPath = "";
			projectRoot = "";
			targets = (
				C2920AA125078BD900E59E3B /* BackgroundShakeTest */,
				C2920ABC25078BDE00E59E3B /* BackgroundShakeTestTests */,
				C2920AC725078BDE00E59E3B /* BackgroundShakeTestUITests */,
			);
		};
/* End PBXProject section */

/* Begin PBXResourcesBuildPhase section */
		C2920AA025078BD900E59E3B /* Resources */ = {
			isa = PBXResourcesBuildPhase;
			buildActionMask = 2147483647;
			files = (
				C2920AB525078BDD00E59E3B /* LaunchScreen.storyboard in Resources */,
				C2920AB225078BDD00E59E3B /* Assets.xcassets in Resources */,
				C2920AB025078BD900E59E3B /* Main.storyboard in Resources */,
			);
			runOnlyForDeploymentPostprocessing = 0;
		};
		C2920ABB25078BDE00E59E3B /* Resources */ = {
			isa = PBXResourcesBuildPhase;
			buildActionMask = 2147483647;
			files = (
			);
			runOnlyForDeploymentPostprocessing = 0;
		};
		C2920AC625078BDE00E59E3B /* Resources */ = {
			isa = PBXResourcesBuildPhase;
			buildActionMask = 2147483647;
			files = (
			);
			runOnlyForDeploymentPostprocessing = 0;
		};
/* End PBXResourcesBuildPhase section */

/* Begin PBXSourcesBuildPhase section */
		C2920A9E25078BD900E59E3B /* Sources */ = {
			isa = PBXSourcesBuildPhase;
			buildActionMask = 2147483647;
			files = (
				C2920AAD25078BD900E59E3B /* ViewController.m in Sources */,
				C2920ADD25078C6400E59E3B /* MYAccelerometerTool.m in Sources */,
				C2920AA725078BD900E59E3B /* AppDelegate.m in Sources */,
				C2920AB825078BDD00E59E3B /* main.m in Sources */,
				C2920AAA25078BD900E59E3B /* SceneDelegate.m in Sources */,
			);
			runOnlyForDeploymentPostprocessing = 0;
		};
		C2920AB925078BDE00E59E3B /* Sources */ = {
			isa = PBXSourcesBuildPhase;
			buildActionMask = 2147483647;
			files = (
				C2920AC225078BDE00E59E3B /* BackgroundShakeTestTests.m in Sources */,
			);
			runOnlyForDeploymentPostprocessing = 0;
		};
		C2920AC425078BDE00E59E3B /* Sources */ = {
			isa = PBXSourcesBuildPhase;
			buildActionMask = 2147483647;
			files = (
				C2920ACD25078BDE00E59E3B /* BackgroundShakeTestUITests.m in Sources */,
			);
			runOnlyForDeploymentPostprocessing = 0;
		};
/* End PBXSourcesBuildPhase section */

/* Begin PBXTargetDependency section */
		C2920ABF25078BDE00E59E3B /* PBXTargetDependency */ = {
			isa = PBXTargetDependency;
			target = C2920AA125078BD900E59E3B /* BackgroundShakeTest */;
			targetProxy = C2920ABE25078BDE00E59E3B /* PBXContainerItemProxy */;
		};
		C2920ACA25078BDE00E59E3B /* PBXTargetDependency */ = {
			isa = PBXTargetDependency;
			target = C2920AA125078BD900E59E3B /* BackgroundShakeTest */;
			targetProxy = C2920AC925078BDE00E59E3B /* PBXContainerItemProxy */;
		};
/* End PBXTargetDependency section */

/* Begin PBXVariantGroup section */
		C2920AAE25078BD900E59E3B /* Main.storyboard */ = {
			isa = PBXVariantGroup;
			children = (
				C2920AAF25078BD900E59E3B /* Base */,
			);
			name = Main.storyboard;
			sourceTree = "<group>";
		};
		C2920AB325078BDD00E59E3B /* LaunchScreen.storyboard */ = {
			isa = PBXVariantGroup;
			children = (
				C2920AB425078BDD00E59E3B /* Base */,
			);
			name = LaunchScreen.storyboard;
			sourceTree = "<group>";
		};
/* End PBXVariantGroup section */

/* Begin XCBuildConfiguration section */
		C2920ACF25078BDE00E59E3B /* Debug */ = {
			isa = XCBuildConfiguration;
			buildSettings = {
				ALWAYS_SEARCH_USER_PATHS = NO;
				CLANG_ANALYZER_NONNULL = YES;
				CLANG_ANALYZER_NUMBER_OBJECT_CONVERSION = YES_AGGRESSIVE;
				CLANG_CXX_LANGUAGE_STANDARD = "gnu++14";
				CLANG_CXX_LIBRARY = "libc++";
				CLANG_ENABLE_MODULES = YES;
				CLANG_ENABLE_OBJC_ARC = YES;
				CLANG_ENABLE_OBJC_WEAK = YES;
				CLANG_WARN_BLOCK_CAPTURE_AUTORELEASING = YES;
				CLANG_WARN_BOOL_CONVERSION = YES;
				CLANG_WARN_COMMA = YES;
				CLANG_WARN_CONSTANT_CONVERSION = YES;
				CLANG_WARN_DEPRECATED_OBJC_IMPLEMENTATIONS = YES;
				CLANG_WARN_DIRECT_OBJC_ISA_USAGE = YES_ERROR;
				CLANG_WARN_DOCUMENTATION_COMMENTS = YES;
				CLANG_WARN_EMPTY_BODY = YES;
				CLANG_WARN_ENUM_CONVERSION = YES;
				CLANG_WARN_INFINITE_RECURSION = YES;
				CLANG_WARN_INT_CONVERSION = YES;
				CLANG_WARN_NON_LITERAL_NULL_CONVERSION = YES;
				CLANG_WARN_OBJC_IMPLICIT_RETAIN_SELF = YES;
				CLANG_WARN_OBJC_LITERAL_CONVERSION = YES;
				CLANG_WARN_OBJC_ROOT_CLASS = YES_ERROR;
				CLANG_WARN_RANGE_LOOP_ANALYSIS = YES;
				CLANG_WARN_STRICT_PROTOTYPES = YES;
				CLANG_WARN_SUSPICIOUS_MOVE = YES;
				CLANG_WARN_UNGUARDED_AVAILABILITY = YES_AGGRESSIVE;
				CLANG_WARN_UNREACHABLE_CODE = YES;
				CLANG_WARN__DUPLICATE_METHOD_MATCH = YES;
				COPY_PHASE_STRIP = NO;
				DEBUG_INFORMATION_FORMAT = dwarf;
				ENABLE_STRICT_OBJC_MSGSEND = YES;
				ENABLE_TESTABILITY = YES;
				GCC_C_LANGUAGE_STANDARD = gnu11;
				GCC_DYNAMIC_NO_PIC = NO;
				GCC_NO_COMMON_BLOCKS = YES;
				GCC_OPTIMIZATION_LEVEL = 0;
				GCC_PREPROCESSOR_DEFINITIONS = (
					"DEBUG=1",
					"$(inherited)",
				);
				GCC_WARN_64_TO_32_BIT_CONVERSION = YES;
				GCC_WARN_ABOUT_RETURN_TYPE = YES_ERROR;
				GCC_WARN_UNDECLARED_SELECTOR = YES;
				GCC_WARN_UNINITIALIZED_AUTOS = YES_AGGRESSIVE;
				GCC_WARN_UNUSED_FUNCTION = YES;
				GCC_WARN_UNUSED_VARIABLE = YES;
				IPHONEOS_DEPLOYMENT_TARGET = 13.1;
				MTL_ENABLE_DEBUG_INFO = INCLUDE_SOURCE;
				MTL_FAST_MATH = YES;
				ONLY_ACTIVE_ARCH = YES;
				SDKROOT = iphoneos;
			};
			name = Debug;
		};
		C2920AD025078BDE00E59E3B /* Release */ = {
			isa = XCBuildConfiguration;
			buildSettings = {
				ALWAYS_SEARCH_USER_PATHS = NO;
				CLANG_ANALYZER_NONNULL = YES;
				CLANG_ANALYZER_NUMBER_OBJECT_CONVERSION = YES_AGGRESSIVE;
				CLANG_CXX_LANGUAGE_STANDARD = "gnu++14";
				CLANG_CXX_LIBRARY = "libc++";
				CLANG_ENABLE_MODULES = YES;
				CLANG_ENABLE_OBJC_ARC = YES;
				CLANG_ENABLE_OBJC_WEAK = YES;
				CLANG_WARN_BLOCK_CAPTURE_AUTORELEASING = YES;
				CLANG_WARN_BOOL_CONVERSION = YES;
				CLANG_WARN_COMMA = YES;
				CLANG_WARN_CONSTANT_CONVERSION = YES;
				CLANG_WARN_DEPRECATED_OBJC_IMPLEMENTATIONS = YES;
				CLANG_WARN_DIRECT_OBJC_ISA_USAGE = YES_ERROR;
				CLANG_WARN_DOCUMENTATION_COMMENTS = YES;
				CLANG_WARN_EMPTY_BODY = YES;
				CLANG_WARN_ENUM_CONVERSION = YES;
				CLANG_WARN_INFINITE_RECURSION = YES;
				CLANG_WARN_INT_CONVERSION = YES;
				CLANG_WARN_NON_LITERAL_NULL_CONVERSION = YES;
				CLANG_WARN_OBJC_IMPLICIT_RETAIN_SELF = YES;
				CLANG_WARN_OBJC_LITERAL_CONVERSION = YES;
				CLANG_WARN_OBJC_ROOT_CLASS = YES_ERROR;
				CLANG_WARN_RANGE_LOOP_ANALYSIS = YES;
				CLANG_WARN_STRICT_PROTOTYPES = YES;
				CLANG_WARN_SUSPICIOUS_MOVE = YES;
				CLANG_WARN_UNGUARDED_AVAILABILITY = YES_AGGRESSIVE;
				CLANG_WARN_UNREACHABLE_CODE = YES;
				CLANG_WARN__DUPLICATE_METHOD_MATCH = YES;
				COPY_PHASE_STRIP = NO;
				DEBUG_INFORMATION_FORMAT = "dwarf-with-dsym";
				ENABLE_NS_ASSERTIONS = NO;
				ENABLE_STRICT_OBJC_MSGSEND = YES;
				GCC_C_LANGUAGE_STANDARD = gnu11;
				GCC_NO_COMMON_BLOCKS = YES;
				GCC_WARN_64_TO_32_BIT_CONVERSION = YES;
				GCC_WARN_ABOUT_RETURN_TYPE = YES_ERROR;
				GCC_WARN_UNDECLARED_SELECTOR = YES;
				GCC_WARN_UNINITIALIZED_AUTOS = YES_AGGRESSIVE;
				GCC_WARN_UNUSED_FUNCTION = YES;
				GCC_WARN_UNUSED_VARIABLE = YES;
				IPHONEOS_DEPLOYMENT_TARGET = 13.1;
				MTL_ENABLE_DEBUG_INFO = NO;
				MTL_FAST_MATH = YES;
				SDKROOT = iphoneos;
				VALIDATE_PRODUCT = YES;
			};
			name = Release;
		};
		C2920AD225078BDE00E59E3B /* Debug */ = {
			isa = XCBuildConfiguration;
			buildSettings = {
				ASSETCATALOG_COMPILER_APPICON_NAME = AppIcon;
				CODE_SIGN_STYLE = Automatic;
				DEVELOPMENT_TEAM = PTUCTZC4VF;
				INFOPLIST_FILE = BackgroundShakeTest/Info.plist;
				IPHONEOS_DEPLOYMENT_TARGET = 13.0;
				LD_RUNPATH_SEARCH_PATHS = (
					"$(inherited)",
					"@executable_path/Frameworks",
				);
				PRODUCT_BUNDLE_IDENTIFIER = my.BackgroundShakeTest;
				PRODUCT_NAME = "$(TARGET_NAME)";
				TARGETED_DEVICE_FAMILY = "1,2";
			};
			name = Debug;
		};
		C2920AD325078BDE00E59E3B /* Release */ = {
			isa = XCBuildConfiguration;
			buildSettings = {
				ASSETCATALOG_COMPILER_APPICON_NAME = AppIcon;
				CODE_SIGN_STYLE = Automatic;
				DEVELOPMENT_TEAM = PTUCTZC4VF;
				INFOPLIST_FILE = BackgroundShakeTest/Info.plist;
				IPHONEOS_DEPLOYMENT_TARGET = 13.0;
				LD_RUNPATH_SEARCH_PATHS = (
					"$(inherited)",
					"@executable_path/Frameworks",
				);
				PRODUCT_BUNDLE_IDENTIFIER = my.BackgroundShakeTest;
				PRODUCT_NAME = "$(TARGET_NAME)";
				TARGETED_DEVICE_FAMILY = "1,2";
			};
			name = Release;
		};
		C2920AD525078BDE00E59E3B /* Debug */ = {
			isa = XCBuildConfiguration;
			buildSettings = {
				BUNDLE_LOADER = "$(TEST_HOST)";
				CODE_SIGN_STYLE = Automatic;
				DEVELOPMENT_TEAM = PTUCTZC4VF;
				INFOPLIST_FILE = BackgroundShakeTestTests/Info.plist;
				IPHONEOS_DEPLOYMENT_TARGET = 13.1;
				LD_RUNPATH_SEARCH_PATHS = (
					"$(inherited)",
					"@executable_path/Frameworks",
					"@loader_path/Frameworks",
				);
				PRODUCT_BUNDLE_IDENTIFIER = my.BackgroundShakeTestTests;
				PRODUCT_NAME = "$(TARGET_NAME)";
				TARGETED_DEVICE_FAMILY = "1,2";
				TEST_HOST = "$(BUILT_PRODUCTS_DIR)/BackgroundShakeTest.app/BackgroundShakeTest";
			};
			name = Debug;
		};
		C2920AD625078BDE00E59E3B /* Release */ = {
			isa = XCBuildConfiguration;
			buildSettings = {
				BUNDLE_LOADER = "$(TEST_HOST)";
				CODE_SIGN_STYLE = Automatic;
				DEVELOPMENT_TEAM = PTUCTZC4VF;
				INFOPLIST_FILE = BackgroundShakeTestTests/Info.plist;
				IPHONEOS_DEPLOYMENT_TARGET = 13.1;
				LD_RUNPATH_SEARCH_PATHS = (
					"$(inherited)",
					"@executable_path/Frameworks",
					"@loader_path/Frameworks",
				);
				PRODUCT_BUNDLE_IDENTIFIER = my.BackgroundShakeTestTests;
				PRODUCT_NAME = "$(TARGET_NAME)";
				TARGETED_DEVICE_FAMILY = "1,2";
				TEST_HOST = "$(BUILT_PRODUCTS_DIR)/BackgroundShakeTest.app/BackgroundShakeTest";
			};
			name = Release;
		};
		C2920AD825078BDE00E59E3B /* Debug */ = {
			isa = XCBuildConfiguration;
			buildSettings = {
				CODE_SIGN_STYLE = Automatic;
				DEVELOPMENT_TEAM = PTUCTZC4VF;
				INFOPLIST_FILE = BackgroundShakeTestUITests/Info.plist;
				LD_RUNPATH_SEARCH_PATHS = (
					"$(inherited)",
					"@executable_path/Frameworks",
					"@loader_path/Frameworks",
				);
				PRODUCT_BUNDLE_IDENTIFIER = my.BackgroundShakeTestUITests;
				PRODUCT_NAME = "$(TARGET_NAME)";
				TARGETED_DEVICE_FAMILY = "1,2";
				TEST_TARGET_NAME = BackgroundShakeTest;
			};
			name = Debug;
		};
		C2920AD925078BDE00E59E3B /* Release */ = {
			isa = XCBuildConfiguration;
			buildSettings = {
				CODE_SIGN_STYLE = Automatic;
				DEVELOPMENT_TEAM = PTUCTZC4VF;
				INFOPLIST_FILE = BackgroundShakeTestUITests/Info.plist;
				LD_RUNPATH_SEARCH_PATHS = (
					"$(inherited)",
					"@executable_path/Frameworks",
					"@loader_path/Frameworks",
				);
				PRODUCT_BUNDLE_IDENTIFIER = my.BackgroundShakeTestUITests;
				PRODUCT_NAME = "$(TARGET_NAME)";
				TARGETED_DEVICE_FAMILY = "1,2";
				TEST_TARGET_NAME = BackgroundShakeTest;
			};
			name = Release;
		};
/* End XCBuildConfiguration section */

/* Begin XCConfigurationList section */
		C2920A9D25078BD900E59E3B /* Build configuration list for PBXProject "BackgroundShakeTest" */ = {
			isa = XCConfigurationList;
			buildConfigurations = (
				C2920ACF25078BDE00E59E3B /* Debug */,
				C2920AD025078BDE00E59E3B /* Release */,
			);
			defaultConfigurationIsVisible = 0;
			defaultConfigurationName = Release;
		};
		C2920AD125078BDE00E59E3B /* Build configuration list for PBXNativeTarget "BackgroundShakeTest" */ = {
			isa = XCConfigurationList;
			buildConfigurations = (
				C2920AD225078BDE00E59E3B /* Debug */,
				C2920AD325078BDE00E59E3B /* Release */,
			);
			defaultConfigurationIsVisible = 0;
			defaultConfigurationName = Release;
		};
		C2920AD425078BDE00E59E3B /* Build configuration list for PBXNativeTarget "BackgroundShakeTestTests" */ = {
			isa = XCConfigurationList;
			buildConfigurations = (
				C2920AD525078BDE00E59E3B /* Debug */,
				C2920AD625078BDE00E59E3B /* Release */,
			);
			defaultConfigurationIsVisible = 0;
			defaultConfigurationName = Release;
		};
		C2920AD725078BDE00E59E3B /* Build configuration list for PBXNativeTarget "BackgroundShakeTestUITests" */ = {
			isa = XCConfigurationList;
			buildConfigurations = (
				C2920AD825078BDE00E59E3B /* Debug */,
				C2920AD925078BDE00E59E3B /* Release */,
			);
			defaultConfigurationIsVisible = 0;
			defaultConfigurationName = Release;
		};
/* End XCConfigurationList section */
	};
	rootObject = C2920A9A25078BD900E59E3B /* Project object */;
}
