// !$*UTF8*$!
{
	archiveVersion = 1;
	classes = {
	};
	objectVersion = 50;
	objects = {

/* Begin PBXBuildFile section */
		C27DC1C324D29DB500895371 /* AppDelegate.m in Sources */ = {isa = PBXBuildFile; fileRef = C27DC1C224D29DB500895371 /* AppDelegate.m */; };
		C27DC1C624D29DB500895371 /* SceneDelegate.m in Sources */ = {isa = PBXBuildFile; fileRef = C27DC1C524D29DB500895371 /* SceneDelegate.m */; };
		C27DC1C924D29DB500895371 /* ViewController.m in Sources */ = {isa = PBXBuildFile; fileRef = C27DC1C824D29DB500895371 /* ViewController.m */; };
		C27DC1CC24D29DB500895371 /* Main.storyboard in Resources */ = {isa = PBXBuildFile; fileRef = C27DC1CA24D29DB500895371 /* Main.storyboard */; };
		C27DC1CE24D29DB600895371 /* Assets.xcassets in Resources */ = {isa = PBXBuildFile; fileRef = C27DC1CD24D29DB600895371 /* Assets.xcassets */; };
		C27DC1D124D29DB600895371 /* LaunchScreen.storyboard in Resources */ = {isa = PBXBuildFile; fileRef = C27DC1CF24D29DB600895371 /* LaunchScreen.storyboard */; };
		C27DC1D424D29DB600895371 /* main.m in Sources */ = {isa = PBXBuildFile; fileRef = C27DC1D324D29DB600895371 /* main.m */; };
		C27DC1DE24D29DB600895371 /* ocSeniorTestsTests.m in Sources */ = {isa = PBXBuildFile; fileRef = C27DC1DD24D29DB600895371 /* ocSeniorTestsTests.m */; };
		C27DC1E924D29DB600895371 /* ocSeniorTestsUITests.m in Sources */ = {isa = PBXBuildFile; fileRef = C27DC1E824D29DB600895371 /* ocSeniorTestsUITests.m */; };
/* End PBXBuildFile section */

/* Begin PBXContainerItemProxy section */
		C27DC1DA24D29DB600895371 /* PBXContainerItemProxy */ = {
			isa = PBXContainerItemProxy;
			containerPortal = C27DC1B624D29DB500895371 /* Project object */;
			proxyType = 1;
			remoteGlobalIDString = C27DC1BD24D29DB500895371;
			remoteInfo = ocSeniorTests;
		};
		C27DC1E524D29DB600895371 /* PBXContainerItemProxy */ = {
			isa = PBXContainerItemProxy;
			containerPortal = C27DC1B624D29DB500895371 /* Project object */;
			proxyType = 1;
			remoteGlobalIDString = C27DC1BD24D29DB500895371;
			remoteInfo = ocSeniorTests;
		};
/* End PBXContainerItemProxy section */

/* Begin PBXFileReference section */
		C27DC1BE24D29DB500895371 /* ocSeniorTests.app */ = {isa = PBXFileReference; explicitFileType = wrapper.application; includeInIndex = 0; path = ocSeniorTests.app; sourceTree = BUILT_PRODUCTS_DIR; };
		C27DC1C124D29DB500895371 /* AppDelegate.h */ = {isa = PBXFileReference; lastKnownFileType = sourcecode.c.h; path = AppDelegate.h; sourceTree = "<group>"; };
		C27DC1C224D29DB500895371 /* AppDelegate.m */ = {isa = PBXFileReference; lastKnownFileType = sourcecode.c.objc; path = AppDelegate.m; sourceTree = "<group>"; };
		C27DC1C424D29DB500895371 /* SceneDelegate.h */ = {isa = PBXFileReference; lastKnownFileType = sourcecode.c.h; path = SceneDelegate.h; sourceTree = "<group>"; };
		C27DC1C524D29DB500895371 /* SceneDelegate.m */ = {isa = PBXFileReference; lastKnownFileType = sourcecode.c.objc; path = SceneDelegate.m; sourceTree = "<group>"; };
		C27DC1C724D29DB500895371 /* ViewController.h */ = {isa = PBXFileReference; lastKnownFileType = sourcecode.c.h; path = ViewController.h; sourceTree = "<group>"; };
		C27DC1C824D29DB500895371 /* ViewController.m */ = {isa = PBXFileReference; lastKnownFileType = sourcecode.c.objc; path = ViewController.m; sourceTree = "<group>"; };
		C27DC1CB24D29DB500895371 /* Base */ = {isa = PBXFileReference; lastKnownFileType = file.storyboard; name = Base; path = Base.lproj/Main.storyboard; sourceTree = "<group>"; };
		C27DC1CD24D29DB600895371 /* Assets.xcassets */ = {isa = PBXFileReference; lastKnownFileType = folder.assetcatalog; path = Assets.xcassets; sourceTree = "<group>"; };
		C27DC1D024D29DB600895371 /* Base */ = {isa = PBXFileReference; lastKnownFileType = file.storyboard; name = Base; path = Base.lproj/LaunchScreen.storyboard; sourceTree = "<group>"; };
		C27DC1D224D29DB600895371 /* Info.plist */ = {isa = PBXFileReference; lastKnownFileType = text.plist.xml; path = Info.plist; sourceTree = "<group>"; };
		C27DC1D324D29DB600895371 /* main.m */ = {isa = PBXFileReference; lastKnownFileType = sourcecode.c.objc; path = main.m; sourceTree = "<group>"; };
		C27DC1D924D29DB600895371 /* ocSeniorTestsTests.xctest */ = {isa = PBXFileReference; explicitFileType = wrapper.cfbundle; includeInIndex = 0; path = ocSeniorTestsTests.xctest; sourceTree = BUILT_PRODUCTS_DIR; };
		C27DC1DD24D29DB600895371 /* ocSeniorTestsTests.m */ = {isa = PBXFileReference; lastKnownFileType = sourcecode.c.objc; path = ocSeniorTestsTests.m; sourceTree = "<group>"; };
		C27DC1DF24D29DB600895371 /* Info.plist */ = {isa = PBXFileReference; lastKnownFileType = text.plist.xml; path = Info.plist; sourceTree = "<group>"; };
		C27DC1E424D29DB600895371 /* ocSeniorTestsUITests.xctest */ = {isa = PBXFileReference; explicitFileType = wrapper.cfbundle; includeInIndex = 0; path = ocSeniorTestsUITests.xctest; sourceTree = BUILT_PRODUCTS_DIR; };
		C27DC1E824D29DB600895371 /* ocSeniorTestsUITests.m */ = {isa = PBXFileReference; lastKnownFileType = sourcecode.c.objc; path = ocSeniorTestsUITests.m; sourceTree = "<group>"; };
		C27DC1EA24D29DB600895371 /* Info.plist */ = {isa = PBXFileReference; lastKnownFileType = text.plist.xml; path = Info.plist; sourceTree = "<group>"; };
/* End PBXFileReference section */

/* Begin PBXFrameworksBuildPhase section */
		C27DC1BB24D29DB500895371 /* Frameworks */ = {
			isa = PBXFrameworksBuildPhase;
			buildActionMask = 2147483647;
			files = (
			);
			runOnlyForDeploymentPostprocessing = 0;
		};
		C27DC1D624D29DB600895371 /* Frameworks */ = {
			isa = PBXFrameworksBuildPhase;
			buildActionMask = 2147483647;
			files = (
			);
			runOnlyForDeploymentPostprocessing = 0;
		};
		C27DC1E124D29DB600895371 /* Frameworks */ = {
			isa = PBXFrameworksBuildPhase;
			buildActionMask = 2147483647;
			files = (
			);
			runOnlyForDeploymentPostprocessing = 0;
		};
/* End PBXFrameworksBuildPhase section */

/* Begin PBXGroup section */
		C27DC1B524D29DB500895371 = {
			isa = PBXGroup;
			children = (
				C27DC1C024D29DB500895371 /* ocSeniorTests */,
				C27DC1DC24D29DB600895371 /* ocSeniorTestsTests */,
				C27DC1E724D29DB600895371 /* ocSeniorTestsUITests */,
				C27DC1BF24D29DB500895371 /* Products */,
			);
			sourceTree = "<group>";
		};
		C27DC1BF24D29DB500895371 /* Products */ = {
			isa = PBXGroup;
			children = (
				C27DC1BE24D29DB500895371 /* ocSeniorTests.app */,
				C27DC1D924D29DB600895371 /* ocSeniorTestsTests.xctest */,
				C27DC1E424D29DB600895371 /* ocSeniorTestsUITests.xctest */,
			);
			name = Products;
			sourceTree = "<group>";
		};
		C27DC1C024D29DB500895371 /* ocSeniorTests */ = {
			isa = PBXGroup;
			children = (
				C27DC1C124D29DB500895371 /* AppDelegate.h */,
				C27DC1C224D29DB500895371 /* AppDelegate.m */,
				C27DC1C424D29DB500895371 /* SceneDelegate.h */,
				C27DC1C524D29DB500895371 /* SceneDelegate.m */,
				C27DC1C724D29DB500895371 /* ViewController.h */,
				C27DC1C824D29DB500895371 /* ViewController.m */,
				C27DC1CA24D29DB500895371 /* Main.storyboard */,
				C27DC1CD24D29DB600895371 /* Assets.xcassets */,
				C27DC1CF24D29DB600895371 /* LaunchScreen.storyboard */,
				C27DC1D224D29DB600895371 /* Info.plist */,
				C27DC1D324D29DB600895371 /* main.m */,
			);
			path = ocSeniorTests;
			sourceTree = "<group>";
		};
		C27DC1DC24D29DB600895371 /* ocSeniorTestsTests */ = {
			isa = PBXGroup;
			children = (
				C27DC1DD24D29DB600895371 /* ocSeniorTestsTests.m */,
				C27DC1DF24D29DB600895371 /* Info.plist */,
			);
			path = ocSeniorTestsTests;
			sourceTree = "<group>";
		};
		C27DC1E724D29DB600895371 /* ocSeniorTestsUITests */ = {
			isa = PBXGroup;
			children = (
				C27DC1E824D29DB600895371 /* ocSeniorTestsUITests.m */,
				C27DC1EA24D29DB600895371 /* Info.plist */,
			);
			path = ocSeniorTestsUITests;
			sourceTree = "<group>";
		};
/* End PBXGroup section */

/* Begin PBXNativeTarget section */
		C27DC1BD24D29DB500895371 /* ocSeniorTests */ = {
			isa = PBXNativeTarget;
			buildConfigurationList = C27DC1ED24D29DB600895371 /* Build configuration list for PBXNativeTarget "ocSeniorTests" */;
			buildPhases = (
				C27DC1BA24D29DB500895371 /* Sources */,
				C27DC1BB24D29DB500895371 /* Frameworks */,
				C27DC1BC24D29DB500895371 /* Resources */,
			);
			buildRules = (
			);
			dependencies = (
			);
			name = ocSeniorTests;
			productName = ocSeniorTests;
			productReference = C27DC1BE24D29DB500895371 /* ocSeniorTests.app */;
			productType = "com.apple.product-type.application";
		};
		C27DC1D824D29DB600895371 /* ocSeniorTestsTests */ = {
			isa = PBXNativeTarget;
			buildConfigurationList = C27DC1F024D29DB600895371 /* Build configuration list for PBXNativeTarget "ocSeniorTestsTests" */;
			buildPhases = (
				C27DC1D524D29DB600895371 /* Sources */,
				C27DC1D624D29DB600895371 /* Frameworks */,
				C27DC1D724D29DB600895371 /* Resources */,
			);
			buildRules = (
			);
			dependencies = (
				C27DC1DB24D29DB600895371 /* PBXTargetDependency */,
			);
			name = ocSeniorTestsTests;
			productName = ocSeniorTestsTests;
			productReference = C27DC1D924D29DB600895371 /* ocSeniorTestsTests.xctest */;
			productType = "com.apple.product-type.bundle.unit-test";
		};
		C27DC1E324D29DB600895371 /* ocSeniorTestsUITests */ = {
			isa = PBXNativeTarget;
			buildConfigurationList = C27DC1F324D29DB600895371 /* Build configuration list for PBXNativeTarget "ocSeniorTestsUITests" */;
			buildPhases = (
				C27DC1E024D29DB600895371 /* Sources */,
				C27DC1E124D29DB600895371 /* Frameworks */,
				C27DC1E224D29DB600895371 /* Resources */,
			);
			buildRules = (
			);
			dependencies = (
				C27DC1E624D29DB600895371 /* PBXTargetDependency */,
			);
			name = ocSeniorTestsUITests;
			productName = ocSeniorTestsUITests;
			productReference = C27DC1E424D29DB600895371 /* ocSeniorTestsUITests.xctest */;
			productType = "com.apple.product-type.bundle.ui-testing";
		};
/* End PBXNativeTarget section */

/* Begin PBXProject section */
		C27DC1B624D29DB500895371 /* Project object */ = {
			isa = PBXProject;
			attributes = {
				LastUpgradeCheck = 1110;
				ORGANIZATIONNAME = hautu;
				TargetAttributes = {
					C27DC1BD24D29DB500895371 = {
						CreatedOnToolsVersion = 11.1;
					};
					C27DC1D824D29DB600895371 = {
						CreatedOnToolsVersion = 11.1;
						TestTargetID = C27DC1BD24D29DB500895371;
					};
					C27DC1E324D29DB600895371 = {
						CreatedOnToolsVersion = 11.1;
						TestTargetID = C27DC1BD24D29DB500895371;
					};
				};
			};
			buildConfigurationList = C27DC1B924D29DB500895371 /* Build configuration list for PBXProject "ocSeniorTests" */;
			compatibilityVersion = "Xcode 9.3";
			developmentRegion = en;
			hasScannedForEncodings = 0;
			knownRegions = (
				en,
				Base,
			);
			mainGroup = C27DC1B524D29DB500895371;
			productRefGroup = C27DC1BF24D29DB500895371 /* Products */;
			projectDirPath = "";
			projectRoot = "";
			targets = (
				C27DC1BD24D29DB500895371 /* ocSeniorTests */,
				C27DC1D824D29DB600895371 /* ocSeniorTestsTests */,
				C27DC1E324D29DB600895371 /* ocSeniorTestsUITests */,
			);
		};
/* End PBXProject section */

/* Begin PBXResourcesBuildPhase section */
		C27DC1BC24D29DB500895371 /* Resources */ = {
			isa = PBXResourcesBuildPhase;
			buildActionMask = 2147483647;
			files = (
				C27DC1D124D29DB600895371 /* LaunchScreen.storyboard in Resources */,
				C27DC1CE24D29DB600895371 /* Assets.xcassets in Resources */,
				C27DC1CC24D29DB500895371 /* Main.storyboard in Resources */,
			);
			runOnlyForDeploymentPostprocessing = 0;
		};
		C27DC1D724D29DB600895371 /* Resources */ = {
			isa = PBXResourcesBuildPhase;
			buildActionMask = 2147483647;
			files = (
			);
			runOnlyForDeploymentPostprocessing = 0;
		};
		C27DC1E224D29DB600895371 /* Resources */ = {
			isa = PBXResourcesBuildPhase;
			buildActionMask = 2147483647;
			files = (
			);
			runOnlyForDeploymentPostprocessing = 0;
		};
/* End PBXResourcesBuildPhase section */

/* Begin PBXSourcesBuildPhase section */
		C27DC1BA24D29DB500895371 /* Sources */ = {
			isa = PBXSourcesBuildPhase;
			buildActionMask = 2147483647;
			files = (
				C27DC1C924D29DB500895371 /* ViewController.m in Sources */,
				C27DC1C324D29DB500895371 /* AppDelegate.m in Sources */,
				C27DC1D424D29DB600895371 /* main.m in Sources */,
				C27DC1C624D29DB500895371 /* SceneDelegate.m in Sources */,
			);
			runOnlyForDeploymentPostprocessing = 0;
		};
		C27DC1D524D29DB600895371 /* Sources */ = {
			isa = PBXSourcesBuildPhase;
			buildActionMask = 2147483647;
			files = (
				C27DC1DE24D29DB600895371 /* ocSeniorTestsTests.m in Sources */,
			);
			runOnlyForDeploymentPostprocessing = 0;
		};
		C27DC1E024D29DB600895371 /* Sources */ = {
			isa = PBXSourcesBuildPhase;
			buildActionMask = 2147483647;
			files = (
				C27DC1E924D29DB600895371 /* ocSeniorTestsUITests.m in Sources */,
			);
			runOnlyForDeploymentPostprocessing = 0;
		};
/* End PBXSourcesBuildPhase section */

/* Begin PBXTargetDependency section */
		C27DC1DB24D29DB600895371 /* PBXTargetDependency */ = {
			isa = PBXTargetDependency;
			target = C27DC1BD24D29DB500895371 /* ocSeniorTests */;
			targetProxy = C27DC1DA24D29DB600895371 /* PBXContainerItemProxy */;
		};
		C27DC1E624D29DB600895371 /* PBXTargetDependency */ = {
			isa = PBXTargetDependency;
			target = C27DC1BD24D29DB500895371 /* ocSeniorTests */;
			targetProxy = C27DC1E524D29DB600895371 /* PBXContainerItemProxy */;
		};
/* End PBXTargetDependency section */

/* Begin PBXVariantGroup section */
		C27DC1CA24D29DB500895371 /* Main.storyboard */ = {
			isa = PBXVariantGroup;
			children = (
				C27DC1CB24D29DB500895371 /* Base */,
			);
			name = Main.storyboard;
			sourceTree = "<group>";
		};
		C27DC1CF24D29DB600895371 /* LaunchScreen.storyboard */ = {
			isa = PBXVariantGroup;
			children = (
				C27DC1D024D29DB600895371 /* Base */,
			);
			name = LaunchScreen.storyboard;
			sourceTree = "<group>";
		};
/* End PBXVariantGroup section */

/* Begin XCBuildConfiguration section */
		C27DC1EB24D29DB600895371 /* Debug */ = {
			isa = XCBuildConfiguration;
			buildSettings = {
				ALWAYS_SEARCH_USER_PATHS = NO;
				CLANG_ANALYZER_NONNULL = YES;
				CLANG_ANALYZER_NUMBER_OBJECT_CONVERSION = YES_AGGRESSIVE;
				CLANG_CXX_LANGUAGE_STANDARD = "gnu++14";
				CLANG_CXX_LIBRARY = "libc++";
				CLANG_ENABLE_MODULES = YES;
				CLANG_ENABLE_OBJC_ARC = YES;
				CLANG_ENABLE_OBJC_WEAK = YES;
				CLANG_WARN_BLOCK_CAPTURE_AUTORELEASING = YES;
				CLANG_WARN_BOOL_CONVERSION = YES;
				CLANG_WARN_COMMA = YES;
				CLANG_WARN_CONSTANT_CONVERSION = YES;
				CLANG_WARN_DEPRECATED_OBJC_IMPLEMENTATIONS = YES;
				CLANG_WARN_DIRECT_OBJC_ISA_USAGE = YES_ERROR;
				CLANG_WARN_DOCUMENTATION_COMMENTS = YES;
				CLANG_WARN_EMPTY_BODY = YES;
				CLANG_WARN_ENUM_CONVERSION = YES;
				CLANG_WARN_INFINITE_RECURSION = YES;
				CLANG_WARN_INT_CONVERSION = YES;
				CLANG_WARN_NON_LITERAL_NULL_CONVERSION = YES;
				CLANG_WARN_OBJC_IMPLICIT_RETAIN_SELF = YES;
				CLANG_WARN_OBJC_LITERAL_CONVERSION = YES;
				CLANG_WARN_OBJC_ROOT_CLASS = YES_ERROR;
				CLANG_WARN_RANGE_LOOP_ANALYSIS = YES;
				CLANG_WARN_STRICT_PROTOTYPES = YES;
				CLANG_WARN_SUSPICIOUS_MOVE = YES;
				CLANG_WARN_UNGUARDED_AVAILABILITY = YES_AGGRESSIVE;
				CLANG_WARN_UNREACHABLE_CODE = YES;
				CLANG_WARN__DUPLICATE_METHOD_MATCH = YES;
				COPY_PHASE_STRIP = NO;
				DEBUG_INFORMATION_FORMAT = dwarf;
				ENABLE_STRICT_OBJC_MSGSEND = YES;
				ENABLE_TESTABILITY = YES;
				GCC_C_LANGUAGE_STANDARD = gnu11;
				GCC_DYNAMIC_NO_PIC = NO;
				GCC_NO_COMMON_BLOCKS = YES;
				GCC_OPTIMIZATION_LEVEL = 0;
				GCC_PREPROCESSOR_DEFINITIONS = (
					"DEBUG=1",
					"$(inherited)",
				);
				GCC_WARN_64_TO_32_BIT_CONVERSION = YES;
				GCC_WARN_ABOUT_RETURN_TYPE = YES_ERROR;
				GCC_WARN_UNDECLARED_SELECTOR = YES;
				GCC_WARN_UNINITIALIZED_AUTOS = YES_AGGRESSIVE;
				GCC_WARN_UNUSED_FUNCTION = YES;
				GCC_WARN_UNUSED_VARIABLE = YES;
				IPHONEOS_DEPLOYMENT_TARGET = 13.1;
				MTL_ENABLE_DEBUG_INFO = INCLUDE_SOURCE;
				MTL_FAST_MATH = YES;
				ONLY_ACTIVE_ARCH = YES;
				SDKROOT = iphoneos;
			};
			name = Debug;
		};
		C27DC1EC24D29DB600895371 /* Release */ = {
			isa = XCBuildConfiguration;
			buildSettings = {
				ALWAYS_SEARCH_USER_PATHS = NO;
				CLANG_ANALYZER_NONNULL = YES;
				CLANG_ANALYZER_NUMBER_OBJECT_CONVERSION = YES_AGGRESSIVE;
				CLANG_CXX_LANGUAGE_STANDARD = "gnu++14";
				CLANG_CXX_LIBRARY = "libc++";
				CLANG_ENABLE_MODULES = YES;
				CLANG_ENABLE_OBJC_ARC = YES;
				CLANG_ENABLE_OBJC_WEAK = YES;
				CLANG_WARN_BLOCK_CAPTURE_AUTORELEASING = YES;
				CLANG_WARN_BOOL_CONVERSION = YES;
				CLANG_WARN_COMMA = YES;
				CLANG_WARN_CONSTANT_CONVERSION = YES;
				CLANG_WARN_DEPRECATED_OBJC_IMPLEMENTATIONS = YES;
				CLANG_WARN_DIRECT_OBJC_ISA_USAGE = YES_ERROR;
				CLANG_WARN_DOCUMENTATION_COMMENTS = YES;
				CLANG_WARN_EMPTY_BODY = YES;
				CLANG_WARN_ENUM_CONVERSION = YES;
				CLANG_WARN_INFINITE_RECURSION = YES;
				CLANG_WARN_INT_CONVERSION = YES;
				CLANG_WARN_NON_LITERAL_NULL_CONVERSION = YES;
				CLANG_WARN_OBJC_IMPLICIT_RETAIN_SELF = YES;
				CLANG_WARN_OBJC_LITERAL_CONVERSION = YES;
				CLANG_WARN_OBJC_ROOT_CLASS = YES_ERROR;
				CLANG_WARN_RANGE_LOOP_ANALYSIS = YES;
				CLANG_WARN_STRICT_PROTOTYPES = YES;
				CLANG_WARN_SUSPICIOUS_MOVE = YES;
				CLANG_WARN_UNGUARDED_AVAILABILITY = YES_AGGRESSIVE;
				CLANG_WARN_UNREACHABLE_CODE = YES;
				CLANG_WARN__DUPLICATE_METHOD_MATCH = YES;
				COPY_PHASE_STRIP = NO;
				DEBUG_INFORMATION_FORMAT = "dwarf-with-dsym";
				ENABLE_NS_ASSERTIONS = NO;
				ENABLE_STRICT_OBJC_MSGSEND = YES;
				GCC_C_LANGUAGE_STANDARD = gnu11;
				GCC_NO_COMMON_BLOCKS = YES;
				GCC_WARN_64_TO_32_BIT_CONVERSION = YES;
				GCC_WARN_ABOUT_RETURN_TYPE = YES_ERROR;
				GCC_WARN_UNDECLARED_SELECTOR = YES;
				GCC_WARN_UNINITIALIZED_AUTOS = YES_AGGRESSIVE;
				GCC_WARN_UNUSED_FUNCTION = YES;
				GCC_WARN_UNUSED_VARIABLE = YES;
				IPHONEOS_DEPLOYMENT_TARGET = 13.1;
				MTL_ENABLE_DEBUG_INFO = NO;
				MTL_FAST_MATH = YES;
				SDKROOT = iphoneos;
				VALIDATE_PRODUCT = YES;
			};
			name = Release;
		};
		C27DC1EE24D29DB600895371 /* Debug */ = {
			isa = XCBuildConfiguration;
			buildSettings = {
				ASSETCATALOG_COMPILER_APPICON_NAME = AppIcon;
				CODE_SIGN_STYLE = Automatic;
				DEVELOPMENT_TEAM = PTUCTZC4VF;
				INFOPLIST_FILE = ocSeniorTests/Info.plist;
				IPHONEOS_DEPLOYMENT_TARGET = 13.0;
				LD_RUNPATH_SEARCH_PATHS = (
					"$(inherited)",
					"@executable_path/Frameworks",
				);
				PRODUCT_BUNDLE_IDENTIFIER = ht.ocSeniorTests;
				PRODUCT_NAME = "$(TARGET_NAME)";
				TARGETED_DEVICE_FAMILY = "1,2";
			};
			name = Debug;
		};
		C27DC1EF24D29DB600895371 /* Release */ = {
			isa = XCBuildConfiguration;
			buildSettings = {
				ASSETCATALOG_COMPILER_APPICON_NAME = AppIcon;
				CODE_SIGN_STYLE = Automatic;
				DEVELOPMENT_TEAM = PTUCTZC4VF;
				INFOPLIST_FILE = ocSeniorTests/Info.plist;
				IPHONEOS_DEPLOYMENT_TARGET = 13.0;
				LD_RUNPATH_SEARCH_PATHS = (
					"$(inherited)",
					"@executable_path/Frameworks",
				);
				PRODUCT_BUNDLE_IDENTIFIER = ht.ocSeniorTests;
				PRODUCT_NAME = "$(TARGET_NAME)";
				TARGETED_DEVICE_FAMILY = "1,2";
			};
			name = Release;
		};
		C27DC1F124D29DB600895371 /* Debug */ = {
			isa = XCBuildConfiguration;
			buildSettings = {
				BUNDLE_LOADER = "$(TEST_HOST)";
				CODE_SIGN_STYLE = Automatic;
				DEVELOPMENT_TEAM = PTUCTZC4VF;
				INFOPLIST_FILE = ocSeniorTestsTests/Info.plist;
				IPHONEOS_DEPLOYMENT_TARGET = 13.1;
				LD_RUNPATH_SEARCH_PATHS = (
					"$(inherited)",
					"@executable_path/Frameworks",
					"@loader_path/Frameworks",
				);
				PRODUCT_BUNDLE_IDENTIFIER = ht.ocSeniorTestsTests;
				PRODUCT_NAME = "$(TARGET_NAME)";
				TARGETED_DEVICE_FAMILY = "1,2";
				TEST_HOST = "$(BUILT_PRODUCTS_DIR)/ocSeniorTests.app/ocSeniorTests";
			};
			name = Debug;
		};
		C27DC1F224D29DB600895371 /* Release */ = {
			isa = XCBuildConfiguration;
			buildSettings = {
				BUNDLE_LOADER = "$(TEST_HOST)";
				CODE_SIGN_STYLE = Automatic;
				DEVELOPMENT_TEAM = PTUCTZC4VF;
				INFOPLIST_FILE = ocSeniorTestsTests/Info.plist;
				IPHONEOS_DEPLOYMENT_TARGET = 13.1;
				LD_RUNPATH_SEARCH_PATHS = (
					"$(inherited)",
					"@executable_path/Frameworks",
					"@loader_path/Frameworks",
				);
				PRODUCT_BUNDLE_IDENTIFIER = ht.ocSeniorTestsTests;
				PRODUCT_NAME = "$(TARGET_NAME)";
				TARGETED_DEVICE_FAMILY = "1,2";
				TEST_HOST = "$(BUILT_PRODUCTS_DIR)/ocSeniorTests.app/ocSeniorTests";
			};
			name = Release;
		};
		C27DC1F424D29DB600895371 /* Debug */ = {
			isa = XCBuildConfiguration;
			buildSettings = {
				CODE_SIGN_STYLE = Automatic;
				DEVELOPMENT_TEAM = PTUCTZC4VF;
				INFOPLIST_FILE = ocSeniorTestsUITests/Info.plist;
				LD_RUNPATH_SEARCH_PATHS = (
					"$(inherited)",
					"@executable_path/Frameworks",
					"@loader_path/Frameworks",
				);
				PRODUCT_BUNDLE_IDENTIFIER = ht.ocSeniorTestsUITests;
				PRODUCT_NAME = "$(TARGET_NAME)";
				TARGETED_DEVICE_FAMILY = "1,2";
				TEST_TARGET_NAME = ocSeniorTests;
			};
			name = Debug;
		};
		C27DC1F524D29DB600895371 /* Release */ = {
			isa = XCBuildConfiguration;
			buildSettings = {
				CODE_SIGN_STYLE = Automatic;
				DEVELOPMENT_TEAM = PTUCTZC4VF;
				INFOPLIST_FILE = ocSeniorTestsUITests/Info.plist;
				LD_RUNPATH_SEARCH_PATHS = (
					"$(inherited)",
					"@executable_path/Frameworks",
					"@loader_path/Frameworks",
				);
				PRODUCT_BUNDLE_IDENTIFIER = ht.ocSeniorTestsUITests;
				PRODUCT_NAME = "$(TARGET_NAME)";
				TARGETED_DEVICE_FAMILY = "1,2";
				TEST_TARGET_NAME = ocSeniorTests;
			};
			name = Release;
		};
/* End XCBuildConfiguration section */

/* Begin XCConfigurationList section */
		C27DC1B924D29DB500895371 /* Build configuration list for PBXProject "ocSeniorTests" */ = {
			isa = XCConfigurationList;
			buildConfigurations = (
				C27DC1EB24D29DB600895371 /* Debug */,
				C27DC1EC24D29DB600895371 /* Release */,
			);
			defaultConfigurationIsVisible = 0;
			defaultConfigurationName = Release;
		};
		C27DC1ED24D29DB600895371 /* Build configuration list for PBXNativeTarget "ocSeniorTests" */ = {
			isa = XCConfigurationList;
			buildConfigurations = (
				C27DC1EE24D29DB600895371 /* Debug */,
				C27DC1EF24D29DB600895371 /* Release */,
			);
			defaultConfigurationIsVisible = 0;
			defaultConfigurationName = Release;
		};
		C27DC1F024D29DB600895371 /* Build configuration list for PBXNativeTarget "ocSeniorTestsTests" */ = {
			isa = XCConfigurationList;
			buildConfigurations = (
				C27DC1F124D29DB600895371 /* Debug */,
				C27DC1F224D29DB600895371 /* Release */,
			);
			defaultConfigurationIsVisible = 0;
			defaultConfigurationName = Release;
		};
		C27DC1F324D29DB600895371 /* Build configuration list for PBXNativeTarget "ocSeniorTestsUITests" */ = {
			isa = XCConfigurationList;
			buildConfigurations = (
				C27DC1F424D29DB600895371 /* Debug */,
				C27DC1F524D29DB600895371 /* Release */,
			);
			defaultConfigurationIsVisible = 0;
			defaultConfigurationName = Release;
		};
/* End XCConfigurationList section */
	};
	rootObject = C27DC1B624D29DB500895371 /* Project object */;
}
