// !$*UTF8*$!
{
	archiveVersion = 1;
	classes = {
	};
	objectVersion = 50;
	objects = {

/* Begin PBXBuildFile section */
		C2A414B9253426A70037E68A /* AppDelegate.m in Sources */ = {isa = PBXBuildFile; fileRef = C2A414B8253426A70037E68A /* AppDelegate.m */; };
		C2A414BC253426A70037E68A /* SceneDelegate.m in Sources */ = {isa = PBXBuildFile; fileRef = C2A414BB253426A70037E68A /* SceneDelegate.m */; };
		C2A414BF253426A70037E68A /* ViewController.m in Sources */ = {isa = PBXBuildFile; fileRef = C2A414BE253426A70037E68A /* ViewController.m */; };
		C2A414C2253426A70037E68A /* Main.storyboard in Resources */ = {isa = PBXBuildFile; fileRef = C2A414C0253426A70037E68A /* Main.storyboard */; };
		C2A414C4253426AA0037E68A /* Assets.xcassets in Resources */ = {isa = PBXBuildFile; fileRef = C2A414C3253426AA0037E68A /* Assets.xcassets */; };
		C2A414C7253426AA0037E68A /* LaunchScreen.storyboard in Resources */ = {isa = PBXBuildFile; fileRef = C2A414C5253426AA0037E68A /* LaunchScreen.storyboard */; };
		C2A414CA253426AA0037E68A /* main.m in Sources */ = {isa = PBXBuildFile; fileRef = C2A414C9253426AA0037E68A /* main.m */; };
		C2A414D4253426AA0037E68A /* Jump2AppTestTests.m in Sources */ = {isa = PBXBuildFile; fileRef = C2A414D3253426AA0037E68A /* Jump2AppTestTests.m */; };
		C2A414DF253426AB0037E68A /* Jump2AppTestUITests.m in Sources */ = {isa = PBXBuildFile; fileRef = C2A414DE253426AB0037E68A /* Jump2AppTestUITests.m */; };
/* End PBXBuildFile section */

/* Begin PBXContainerItemProxy section */
		C2A414D0253426AA0037E68A /* PBXContainerItemProxy */ = {
			isa = PBXContainerItemProxy;
			containerPortal = C2A414AC253426A70037E68A /* Project object */;
			proxyType = 1;
			remoteGlobalIDString = C2A414B3253426A70037E68A;
			remoteInfo = Jump2AppTest;
		};
		C2A414DB253426AB0037E68A /* PBXContainerItemProxy */ = {
			isa = PBXContainerItemProxy;
			containerPortal = C2A414AC253426A70037E68A /* Project object */;
			proxyType = 1;
			remoteGlobalIDString = C2A414B3253426A70037E68A;
			remoteInfo = Jump2AppTest;
		};
/* End PBXContainerItemProxy section */

/* Begin PBXFileReference section */
		C2A414B4253426A70037E68A /* Jump2AppTest.app */ = {isa = PBXFileReference; explicitFileType = wrapper.application; includeInIndex = 0; path = Jump2AppTest.app; sourceTree = BUILT_PRODUCTS_DIR; };
		C2A414B7253426A70037E68A /* AppDelegate.h */ = {isa = PBXFileReference; lastKnownFileType = sourcecode.c.h; path = AppDelegate.h; sourceTree = "<group>"; };
		C2A414B8253426A70037E68A /* AppDelegate.m */ = {isa = PBXFileReference; lastKnownFileType = sourcecode.c.objc; path = AppDelegate.m; sourceTree = "<group>"; };
		C2A414BA253426A70037E68A /* SceneDelegate.h */ = {isa = PBXFileReference; lastKnownFileType = sourcecode.c.h; path = SceneDelegate.h; sourceTree = "<group>"; };
		C2A414BB253426A70037E68A /* SceneDelegate.m */ = {isa = PBXFileReference; lastKnownFileType = sourcecode.c.objc; path = SceneDelegate.m; sourceTree = "<group>"; };
		C2A414BD253426A70037E68A /* ViewController.h */ = {isa = PBXFileReference; lastKnownFileType = sourcecode.c.h; path = ViewController.h; sourceTree = "<group>"; };
		C2A414BE253426A70037E68A /* ViewController.m */ = {isa = PBXFileReference; lastKnownFileType = sourcecode.c.objc; path = ViewController.m; sourceTree = "<group>"; };
		C2A414C1253426A70037E68A /* Base */ = {isa = PBXFileReference; lastKnownFileType = file.storyboard; name = Base; path = Base.lproj/Main.storyboard; sourceTree = "<group>"; };
		C2A414C3253426AA0037E68A /* Assets.xcassets */ = {isa = PBXFileReference; lastKnownFileType = folder.assetcatalog; path = Assets.xcassets; sourceTree = "<group>"; };
		C2A414C6253426AA0037E68A /* Base */ = {isa = PBXFileReference; lastKnownFileType = file.storyboard; name = Base; path = Base.lproj/LaunchScreen.storyboard; sourceTree = "<group>"; };
		C2A414C8253426AA0037E68A /* Info.plist */ = {isa = PBXFileReference; lastKnownFileType = text.plist.xml; path = Info.plist; sourceTree = "<group>"; };
		C2A414C9253426AA0037E68A /* main.m */ = {isa = PBXFileReference; lastKnownFileType = sourcecode.c.objc; path = main.m; sourceTree = "<group>"; };
		C2A414CF253426AA0037E68A /* Jump2AppTestTests.xctest */ = {isa = PBXFileReference; explicitFileType = wrapper.cfbundle; includeInIndex = 0; path = Jump2AppTestTests.xctest; sourceTree = BUILT_PRODUCTS_DIR; };
		C2A414D3253426AA0037E68A /* Jump2AppTestTests.m */ = {isa = PBXFileReference; lastKnownFileType = sourcecode.c.objc; path = Jump2AppTestTests.m; sourceTree = "<group>"; };
		C2A414D5253426AA0037E68A /* Info.plist */ = {isa = PBXFileReference; lastKnownFileType = text.plist.xml; path = Info.plist; sourceTree = "<group>"; };
		C2A414DA253426AA0037E68A /* Jump2AppTestUITests.xctest */ = {isa = PBXFileReference; explicitFileType = wrapper.cfbundle; includeInIndex = 0; path = Jump2AppTestUITests.xctest; sourceTree = BUILT_PRODUCTS_DIR; };
		C2A414DE253426AB0037E68A /* Jump2AppTestUITests.m */ = {isa = PBXFileReference; lastKnownFileType = sourcecode.c.objc; path = Jump2AppTestUITests.m; sourceTree = "<group>"; };
		C2A414E0253426AB0037E68A /* Info.plist */ = {isa = PBXFileReference; lastKnownFileType = text.plist.xml; path = Info.plist; sourceTree = "<group>"; };
/* End PBXFileReference section */

/* Begin PBXFrameworksBuildPhase section */
		C2A414B1253426A70037E68A /* Frameworks */ = {
			isa = PBXFrameworksBuildPhase;
			buildActionMask = 2147483647;
			files = (
			);
			runOnlyForDeploymentPostprocessing = 0;
		};
		C2A414CC253426AA0037E68A /* Frameworks */ = {
			isa = PBXFrameworksBuildPhase;
			buildActionMask = 2147483647;
			files = (
			);
			runOnlyForDeploymentPostprocessing = 0;
		};
		C2A414D7253426AA0037E68A /* Frameworks */ = {
			isa = PBXFrameworksBuildPhase;
			buildActionMask = 2147483647;
			files = (
			);
			runOnlyForDeploymentPostprocessing = 0;
		};
/* End PBXFrameworksBuildPhase section */

/* Begin PBXGroup section */
		C2A414AB253426A70037E68A = {
			isa = PBXGroup;
			children = (
				C2A414B6253426A70037E68A /* Jump2AppTest */,
				C2A414D2253426AA0037E68A /* Jump2AppTestTests */,
				C2A414DD253426AB0037E68A /* Jump2AppTestUITests */,
				C2A414B5253426A70037E68A /* Products */,
			);
			sourceTree = "<group>";
		};
		C2A414B5253426A70037E68A /* Products */ = {
			isa = PBXGroup;
			children = (
				C2A414B4253426A70037E68A /* Jump2AppTest.app */,
				C2A414CF253426AA0037E68A /* Jump2AppTestTests.xctest */,
				C2A414DA253426AA0037E68A /* Jump2AppTestUITests.xctest */,
			);
			name = Products;
			sourceTree = "<group>";
		};
		C2A414B6253426A70037E68A /* Jump2AppTest */ = {
			isa = PBXGroup;
			children = (
				C2A414B7253426A70037E68A /* AppDelegate.h */,
				C2A414B8253426A70037E68A /* AppDelegate.m */,
				C2A414BA253426A70037E68A /* SceneDelegate.h */,
				C2A414BB253426A70037E68A /* SceneDelegate.m */,
				C2A414BD253426A70037E68A /* ViewController.h */,
				C2A414BE253426A70037E68A /* ViewController.m */,
				C2A414C0253426A70037E68A /* Main.storyboard */,
				C2A414C3253426AA0037E68A /* Assets.xcassets */,
				C2A414C5253426AA0037E68A /* LaunchScreen.storyboard */,
				C2A414C8253426AA0037E68A /* Info.plist */,
				C2A414C9253426AA0037E68A /* main.m */,
			);
			path = Jump2AppTest;
			sourceTree = "<group>";
		};
		C2A414D2253426AA0037E68A /* Jump2AppTestTests */ = {
			isa = PBXGroup;
			children = (
				C2A414D3253426AA0037E68A /* Jump2AppTestTests.m */,
				C2A414D5253426AA0037E68A /* Info.plist */,
			);
			path = Jump2AppTestTests;
			sourceTree = "<group>";
		};
		C2A414DD253426AB0037E68A /* Jump2AppTestUITests */ = {
			isa = PBXGroup;
			children = (
				C2A414DE253426AB0037E68A /* Jump2AppTestUITests.m */,
				C2A414E0253426AB0037E68A /* Info.plist */,
			);
			path = Jump2AppTestUITests;
			sourceTree = "<group>";
		};
/* End PBXGroup section */

/* Begin PBXNativeTarget section */
		C2A414B3253426A70037E68A /* Jump2AppTest */ = {
			isa = PBXNativeTarget;
			buildConfigurationList = C2A414E3253426AB0037E68A /* Build configuration list for PBXNativeTarget "Jump2AppTest" */;
			buildPhases = (
				C2A414B0253426A70037E68A /* Sources */,
				C2A414B1253426A70037E68A /* Frameworks */,
				C2A414B2253426A70037E68A /* Resources */,
			);
			buildRules = (
			);
			dependencies = (
			);
			name = Jump2AppTest;
			productName = Jump2AppTest;
			productReference = C2A414B4253426A70037E68A /* Jump2AppTest.app */;
			productType = "com.apple.product-type.application";
		};
		C2A414CE253426AA0037E68A /* Jump2AppTestTests */ = {
			isa = PBXNativeTarget;
			buildConfigurationList = C2A414E6253426AB0037E68A /* Build configuration list for PBXNativeTarget "Jump2AppTestTests" */;
			buildPhases = (
				C2A414CB253426AA0037E68A /* Sources */,
				C2A414CC253426AA0037E68A /* Frameworks */,
				C2A414CD253426AA0037E68A /* Resources */,
			);
			buildRules = (
			);
			dependencies = (
				C2A414D1253426AA0037E68A /* PBXTargetDependency */,
			);
			name = Jump2AppTestTests;
			productName = Jump2AppTestTests;
			productReference = C2A414CF253426AA0037E68A /* Jump2AppTestTests.xctest */;
			productType = "com.apple.product-type.bundle.unit-test";
		};
		C2A414D9253426AA0037E68A /* Jump2AppTestUITests */ = {
			isa = PBXNativeTarget;
			buildConfigurationList = C2A414E9253426AB0037E68A /* Build configuration list for PBXNativeTarget "Jump2AppTestUITests" */;
			buildPhases = (
				C2A414D6253426AA0037E68A /* Sources */,
				C2A414D7253426AA0037E68A /* Frameworks */,
				C2A414D8253426AA0037E68A /* Resources */,
			);
			buildRules = (
			);
			dependencies = (
				C2A414DC253426AB0037E68A /* PBXTargetDependency */,
			);
			name = Jump2AppTestUITests;
			productName = Jump2AppTestUITests;
			productReference = C2A414DA253426AA0037E68A /* Jump2AppTestUITests.xctest */;
			productType = "com.apple.product-type.bundle.ui-testing";
		};
/* End PBXNativeTarget section */

/* Begin PBXProject section */
		C2A414AC253426A70037E68A /* Project object */ = {
			isa = PBXProject;
			attributes = {
				LastUpgradeCheck = 1110;
				ORGANIZATIONNAME = ht;
				TargetAttributes = {
					C2A414B3253426A70037E68A = {
						CreatedOnToolsVersion = 11.1;
					};
					C2A414CE253426AA0037E68A = {
						CreatedOnToolsVersion = 11.1;
						TestTargetID = C2A414B3253426A70037E68A;
					};
					C2A414D9253426AA0037E68A = {
						CreatedOnToolsVersion = 11.1;
						TestTargetID = C2A414B3253426A70037E68A;
					};
				};
			};
			buildConfigurationList = C2A414AF253426A70037E68A /* Build configuration list for PBXProject "Jump2AppTest" */;
			compatibilityVersion = "Xcode 9.3";
			developmentRegion = en;
			hasScannedForEncodings = 0;
			knownRegions = (
				en,
				Base,
			);
			mainGroup = C2A414AB253426A70037E68A;
			productRefGroup = C2A414B5253426A70037E68A /* Products */;
			projectDirPath = "";
			projectRoot = "";
			targets = (
				C2A414B3253426A70037E68A /* Jump2AppTest */,
				C2A414CE253426AA0037E68A /* Jump2AppTestTests */,
				C2A414D9253426AA0037E68A /* Jump2AppTestUITests */,
			);
		};
/* End PBXProject section */

/* Begin PBXResourcesBuildPhase section */
		C2A414B2253426A70037E68A /* Resources */ = {
			isa = PBXResourcesBuildPhase;
			buildActionMask = 2147483647;
			files = (
				C2A414C7253426AA0037E68A /* LaunchScreen.storyboard in Resources */,
				C2A414C4253426AA0037E68A /* Assets.xcassets in Resources */,
				C2A414C2253426A70037E68A /* Main.storyboard in Resources */,
			);
			runOnlyForDeploymentPostprocessing = 0;
		};
		C2A414CD253426AA0037E68A /* Resources */ = {
			isa = PBXResourcesBuildPhase;
			buildActionMask = 2147483647;
			files = (
			);
			runOnlyForDeploymentPostprocessing = 0;
		};
		C2A414D8253426AA0037E68A /* Resources */ = {
			isa = PBXResourcesBuildPhase;
			buildActionMask = 2147483647;
			files = (
			);
			runOnlyForDeploymentPostprocessing = 0;
		};
/* End PBXResourcesBuildPhase section */

/* Begin PBXSourcesBuildPhase section */
		C2A414B0253426A70037E68A /* Sources */ = {
			isa = PBXSourcesBuildPhase;
			buildActionMask = 2147483647;
			files = (
				C2A414BF253426A70037E68A /* ViewController.m in Sources */,
				C2A414B9253426A70037E68A /* AppDelegate.m in Sources */,
				C2A414CA253426AA0037E68A /* main.m in Sources */,
				C2A414BC253426A70037E68A /* SceneDelegate.m in Sources */,
			);
			runOnlyForDeploymentPostprocessing = 0;
		};
		C2A414CB253426AA0037E68A /* Sources */ = {
			isa = PBXSourcesBuildPhase;
			buildActionMask = 2147483647;
			files = (
				C2A414D4253426AA0037E68A /* Jump2AppTestTests.m in Sources */,
			);
			runOnlyForDeploymentPostprocessing = 0;
		};
		C2A414D6253426AA0037E68A /* Sources */ = {
			isa = PBXSourcesBuildPhase;
			buildActionMask = 2147483647;
			files = (
				C2A414DF253426AB0037E68A /* Jump2AppTestUITests.m in Sources */,
			);
			runOnlyForDeploymentPostprocessing = 0;
		};
/* End PBXSourcesBuildPhase section */

/* Begin PBXTargetDependency section */
		C2A414D1253426AA0037E68A /* PBXTargetDependency */ = {
			isa = PBXTargetDependency;
			target = C2A414B3253426A70037E68A /* Jump2AppTest */;
			targetProxy = C2A414D0253426AA0037E68A /* PBXContainerItemProxy */;
		};
		C2A414DC253426AB0037E68A /* PBXTargetDependency */ = {
			isa = PBXTargetDependency;
			target = C2A414B3253426A70037E68A /* Jump2AppTest */;
			targetProxy = C2A414DB253426AB0037E68A /* PBXContainerItemProxy */;
		};
/* End PBXTargetDependency section */

/* Begin PBXVariantGroup section */
		C2A414C0253426A70037E68A /* Main.storyboard */ = {
			isa = PBXVariantGroup;
			children = (
				C2A414C1253426A70037E68A /* Base */,
			);
			name = Main.storyboard;
			sourceTree = "<group>";
		};
		C2A414C5253426AA0037E68A /* LaunchScreen.storyboard */ = {
			isa = PBXVariantGroup;
			children = (
				C2A414C6253426AA0037E68A /* Base */,
			);
			name = LaunchScreen.storyboard;
			sourceTree = "<group>";
		};
/* End PBXVariantGroup section */

/* Begin XCBuildConfiguration section */
		C2A414E1253426AB0037E68A /* Debug */ = {
			isa = XCBuildConfiguration;
			buildSettings = {
				ALWAYS_SEARCH_USER_PATHS = NO;
				CLANG_ANALYZER_NONNULL = YES;
				CLANG_ANALYZER_NUMBER_OBJECT_CONVERSION = YES_AGGRESSIVE;
				CLANG_CXX_LANGUAGE_STANDARD = "gnu++14";
				CLANG_CXX_LIBRARY = "libc++";
				CLANG_ENABLE_MODULES = YES;
				CLANG_ENABLE_OBJC_ARC = YES;
				CLANG_ENABLE_OBJC_WEAK = YES;
				CLANG_WARN_BLOCK_CAPTURE_AUTORELEASING = YES;
				CLANG_WARN_BOOL_CONVERSION = YES;
				CLANG_WARN_COMMA = YES;
				CLANG_WARN_CONSTANT_CONVERSION = YES;
				CLANG_WARN_DEPRECATED_OBJC_IMPLEMENTATIONS = YES;
				CLANG_WARN_DIRECT_OBJC_ISA_USAGE = YES_ERROR;
				CLANG_WARN_DOCUMENTATION_COMMENTS = YES;
				CLANG_WARN_EMPTY_BODY = YES;
				CLANG_WARN_ENUM_CONVERSION = YES;
				CLANG_WARN_INFINITE_RECURSION = YES;
				CLANG_WARN_INT_CONVERSION = YES;
				CLANG_WARN_NON_LITERAL_NULL_CONVERSION = YES;
				CLANG_WARN_OBJC_IMPLICIT_RETAIN_SELF = YES;
				CLANG_WARN_OBJC_LITERAL_CONVERSION = YES;
				CLANG_WARN_OBJC_ROOT_CLASS = YES_ERROR;
				CLANG_WARN_RANGE_LOOP_ANALYSIS = YES;
				CLANG_WARN_STRICT_PROTOTYPES = YES;
				CLANG_WARN_SUSPICIOUS_MOVE = YES;
				CLANG_WARN_UNGUARDED_AVAILABILITY = YES_AGGRESSIVE;
				CLANG_WARN_UNREACHABLE_CODE = YES;
				CLANG_WARN__DUPLICATE_METHOD_MATCH = YES;
				COPY_PHASE_STRIP = NO;
				DEBUG_INFORMATION_FORMAT = dwarf;
				ENABLE_STRICT_OBJC_MSGSEND = YES;
				ENABLE_TESTABILITY = YES;
				GCC_C_LANGUAGE_STANDARD = gnu11;
				GCC_DYNAMIC_NO_PIC = NO;
				GCC_NO_COMMON_BLOCKS = YES;
				GCC_OPTIMIZATION_LEVEL = 0;
				GCC_PREPROCESSOR_DEFINITIONS = (
					"DEBUG=1",
					"$(inherited)",
				);
				GCC_WARN_64_TO_32_BIT_CONVERSION = YES;
				GCC_WARN_ABOUT_RETURN_TYPE = YES_ERROR;
				GCC_WARN_UNDECLARED_SELECTOR = YES;
				GCC_WARN_UNINITIALIZED_AUTOS = YES_AGGRESSIVE;
				GCC_WARN_UNUSED_FUNCTION = YES;
				GCC_WARN_UNUSED_VARIABLE = YES;
				IPHONEOS_DEPLOYMENT_TARGET = 13.1;
				MTL_ENABLE_DEBUG_INFO = INCLUDE_SOURCE;
				MTL_FAST_MATH = YES;
				ONLY_ACTIVE_ARCH = YES;
				SDKROOT = iphoneos;
			};
			name = Debug;
		};
		C2A414E2253426AB0037E68A /* Release */ = {
			isa = XCBuildConfiguration;
			buildSettings = {
				ALWAYS_SEARCH_USER_PATHS = NO;
				CLANG_ANALYZER_NONNULL = YES;
				CLANG_ANALYZER_NUMBER_OBJECT_CONVERSION = YES_AGGRESSIVE;
				CLANG_CXX_LANGUAGE_STANDARD = "gnu++14";
				CLANG_CXX_LIBRARY = "libc++";
				CLANG_ENABLE_MODULES = YES;
				CLANG_ENABLE_OBJC_ARC = YES;
				CLANG_ENABLE_OBJC_WEAK = YES;
				CLANG_WARN_BLOCK_CAPTURE_AUTORELEASING = YES;
				CLANG_WARN_BOOL_CONVERSION = YES;
				CLANG_WARN_COMMA = YES;
				CLANG_WARN_CONSTANT_CONVERSION = YES;
				CLANG_WARN_DEPRECATED_OBJC_IMPLEMENTATIONS = YES;
				CLANG_WARN_DIRECT_OBJC_ISA_USAGE = YES_ERROR;
				CLANG_WARN_DOCUMENTATION_COMMENTS = YES;
				CLANG_WARN_EMPTY_BODY = YES;
				CLANG_WARN_ENUM_CONVERSION = YES;
				CLANG_WARN_INFINITE_RECURSION = YES;
				CLANG_WARN_INT_CONVERSION = YES;
				CLANG_WARN_NON_LITERAL_NULL_CONVERSION = YES;
				CLANG_WARN_OBJC_IMPLICIT_RETAIN_SELF = YES;
				CLANG_WARN_OBJC_LITERAL_CONVERSION = YES;
				CLANG_WARN_OBJC_ROOT_CLASS = YES_ERROR;
				CLANG_WARN_RANGE_LOOP_ANALYSIS = YES;
				CLANG_WARN_STRICT_PROTOTYPES = YES;
				CLANG_WARN_SUSPICIOUS_MOVE = YES;
				CLANG_WARN_UNGUARDED_AVAILABILITY = YES_AGGRESSIVE;
				CLANG_WARN_UNREACHABLE_CODE = YES;
				CLANG_WARN__DUPLICATE_METHOD_MATCH = YES;
				COPY_PHASE_STRIP = NO;
				DEBUG_INFORMATION_FORMAT = "dwarf-with-dsym";
				ENABLE_NS_ASSERTIONS = NO;
				ENABLE_STRICT_OBJC_MSGSEND = YES;
				GCC_C_LANGUAGE_STANDARD = gnu11;
				GCC_NO_COMMON_BLOCKS = YES;
				GCC_WARN_64_TO_32_BIT_CONVERSION = YES;
				GCC_WARN_ABOUT_RETURN_TYPE = YES_ERROR;
				GCC_WARN_UNDECLARED_SELECTOR = YES;
				GCC_WARN_UNINITIALIZED_AUTOS = YES_AGGRESSIVE;
				GCC_WARN_UNUSED_FUNCTION = YES;
				GCC_WARN_UNUSED_VARIABLE = YES;
				IPHONEOS_DEPLOYMENT_TARGET = 13.1;
				MTL_ENABLE_DEBUG_INFO = NO;
				MTL_FAST_MATH = YES;
				SDKROOT = iphoneos;
				VALIDATE_PRODUCT = YES;
			};
			name = Release;
		};
		C2A414E4253426AB0037E68A /* Debug */ = {
			isa = XCBuildConfiguration;
			buildSettings = {
				ASSETCATALOG_COMPILER_APPICON_NAME = AppIcon;
				CODE_SIGN_STYLE = Automatic;
				DEVELOPMENT_TEAM = PTUCTZC4VF;
				INFOPLIST_FILE = Jump2AppTest/Info.plist;
				IPHONEOS_DEPLOYMENT_TARGET = 9.0;
				LD_RUNPATH_SEARCH_PATHS = (
					"$(inherited)",
					"@executable_path/Frameworks",
				);
				PRODUCT_BUNDLE_IDENTIFIER = ht.Jump2AppTest;
				PRODUCT_NAME = "$(TARGET_NAME)";
				TARGETED_DEVICE_FAMILY = "1,2";
			};
			name = Debug;
		};
		C2A414E5253426AB0037E68A /* Release */ = {
			isa = XCBuildConfiguration;
			buildSettings = {
				ASSETCATALOG_COMPILER_APPICON_NAME = AppIcon;
				CODE_SIGN_STYLE = Automatic;
				DEVELOPMENT_TEAM = PTUCTZC4VF;
				INFOPLIST_FILE = Jump2AppTest/Info.plist;
				IPHONEOS_DEPLOYMENT_TARGET = 9.0;
				LD_RUNPATH_SEARCH_PATHS = (
					"$(inherited)",
					"@executable_path/Frameworks",
				);
				PRODUCT_BUNDLE_IDENTIFIER = ht.Jump2AppTest;
				PRODUCT_NAME = "$(TARGET_NAME)";
				TARGETED_DEVICE_FAMILY = "1,2";
			};
			name = Release;
		};
		C2A414E7253426AB0037E68A /* Debug */ = {
			isa = XCBuildConfiguration;
			buildSettings = {
				BUNDLE_LOADER = "$(TEST_HOST)";
				CODE_SIGN_STYLE = Automatic;
				DEVELOPMENT_TEAM = PTUCTZC4VF;
				INFOPLIST_FILE = Jump2AppTestTests/Info.plist;
				IPHONEOS_DEPLOYMENT_TARGET = 13.1;
				LD_RUNPATH_SEARCH_PATHS = (
					"$(inherited)",
					"@executable_path/Frameworks",
					"@loader_path/Frameworks",
				);
				PRODUCT_BUNDLE_IDENTIFIER = ht.Jump2AppTestTests;
				PRODUCT_NAME = "$(TARGET_NAME)";
				TARGETED_DEVICE_FAMILY = "1,2";
				TEST_HOST = "$(BUILT_PRODUCTS_DIR)/Jump2AppTest.app/Jump2AppTest";
			};
			name = Debug;
		};
		C2A414E8253426AB0037E68A /* Release */ = {
			isa = XCBuildConfiguration;
			buildSettings = {
				BUNDLE_LOADER = "$(TEST_HOST)";
				CODE_SIGN_STYLE = Automatic;
				DEVELOPMENT_TEAM = PTUCTZC4VF;
				INFOPLIST_FILE = Jump2AppTestTests/Info.plist;
				IPHONEOS_DEPLOYMENT_TARGET = 13.1;
				LD_RUNPATH_SEARCH_PATHS = (
					"$(inherited)",
					"@executable_path/Frameworks",
					"@loader_path/Frameworks",
				);
				PRODUCT_BUNDLE_IDENTIFIER = ht.Jump2AppTestTests;
				PRODUCT_NAME = "$(TARGET_NAME)";
				TARGETED_DEVICE_FAMILY = "1,2";
				TEST_HOST = "$(BUILT_PRODUCTS_DIR)/Jump2AppTest.app/Jump2AppTest";
			};
			name = Release;
		};
		C2A414EA253426AB0037E68A /* Debug */ = {
			isa = XCBuildConfiguration;
			buildSettings = {
				CODE_SIGN_STYLE = Automatic;
				DEVELOPMENT_TEAM = PTUCTZC4VF;
				INFOPLIST_FILE = Jump2AppTestUITests/Info.plist;
				LD_RUNPATH_SEARCH_PATHS = (
					"$(inherited)",
					"@executable_path/Frameworks",
					"@loader_path/Frameworks",
				);
				PRODUCT_BUNDLE_IDENTIFIER = ht.Jump2AppTestUITests;
				PRODUCT_NAME = "$(TARGET_NAME)";
				TARGETED_DEVICE_FAMILY = "1,2";
				TEST_TARGET_NAME = Jump2AppTest;
			};
			name = Debug;
		};
		C2A414EB253426AB0037E68A /* Release */ = {
			isa = XCBuildConfiguration;
			buildSettings = {
				CODE_SIGN_STYLE = Automatic;
				DEVELOPMENT_TEAM = PTUCTZC4VF;
				INFOPLIST_FILE = Jump2AppTestUITests/Info.plist;
				LD_RUNPATH_SEARCH_PATHS = (
					"$(inherited)",
					"@executable_path/Frameworks",
					"@loader_path/Frameworks",
				);
				PRODUCT_BUNDLE_IDENTIFIER = ht.Jump2AppTestUITests;
				PRODUCT_NAME = "$(TARGET_NAME)";
				TARGETED_DEVICE_FAMILY = "1,2";
				TEST_TARGET_NAME = Jump2AppTest;
			};
			name = Release;
		};
/* End XCBuildConfiguration section */

/* Begin XCConfigurationList section */
		C2A414AF253426A70037E68A /* Build configuration list for PBXProject "Jump2AppTest" */ = {
			isa = XCConfigurationList;
			buildConfigurations = (
				C2A414E1253426AB0037E68A /* Debug */,
				C2A414E2253426AB0037E68A /* Release */,
			);
			defaultConfigurationIsVisible = 0;
			defaultConfigurationName = Release;
		};
		C2A414E3253426AB0037E68A /* Build configuration list for PBXNativeTarget "Jump2AppTest" */ = {
			isa = XCConfigurationList;
			buildConfigurations = (
				C2A414E4253426AB0037E68A /* Debug */,
				C2A414E5253426AB0037E68A /* Release */,
			);
			defaultConfigurationIsVisible = 0;
			defaultConfigurationName = Release;
		};
		C2A414E6253426AB0037E68A /* Build configuration list for PBXNativeTarget "Jump2AppTestTests" */ = {
			isa = XCConfigurationList;
			buildConfigurations = (
				C2A414E7253426AB0037E68A /* Debug */,
				C2A414E8253426AB0037E68A /* Release */,
			);
			defaultConfigurationIsVisible = 0;
			defaultConfigurationName = Release;
		};
		C2A414E9253426AB0037E68A /* Build configuration list for PBXNativeTarget "Jump2AppTestUITests" */ = {
			isa = XCConfigurationList;
			buildConfigurations = (
				C2A414EA253426AB0037E68A /* Debug */,
				C2A414EB253426AB0037E68A /* Release */,
			);
			defaultConfigurationIsVisible = 0;
			defaultConfigurationName = Release;
		};
/* End XCConfigurationList section */
	};
	rootObject = C2A414AC253426A70037E68A /* Project object */;
}
